<?xml version="1.0" encoding="utf-8"?>
<Project ToolsVersion="4.0" xmlns="http://schemas.microsoft.com/developer/msbuild/2003">
  <ItemGroup>
    <Filter Include="layers">
      <UniqueIdentifier>{3588EB0A-212A-16E1-0AE5-2935F6259D31}</UniqueIdentifier>
    </Filter>
  </ItemGroup>
  <ItemGroup>
    <ClInclude Include="src\AudioEngine.h" />
    <ClInclude Include="src\CameraComponent.h" />
    <ClInclude Include="src\ControlBehaviour.h" />
    <ClInclude Include="src\FrameBuffer.h" />
    <ClInclude Include="src\FrameState.h" />
    <ClInclude Include="src\Instrumentation.h" />
    <ClInclude Include="src\JsonProfiling.h" />
    <ClInclude Include="src\LightFlickerBehaviour.h" />
    <ClInclude Include="src\PointLightComponent.h" />
    <ClInclude Include="src\RotateBehaviour.h" />
    <ClInclude Include="src\ShadowLight.h" />
    <ClInclude Include="src\Texture3D.h" />
    <ClInclude Include="src\layers\AudioLayer.h">
      <Filter>layers</Filter>
    </ClInclude>
    <ClInclude Include="src\layers\InstrumentationLayer.h">
      <Filter>layers</Filter>
    </ClInclude>
    <ClInclude Include="src\layers\LightingLayer.h">
      <Filter>layers</Filter>
    </ClInclude>
    <ClInclude Include="src\layers\PostLayer.h">
      <Filter>layers</Filter>
    </ClInclude>
    <ClInclude Include="src\layers\RenderLayer.h">
      <Filter>layers</Filter>
    </ClInclude>
    <ClInclude Include="src\layers\SceneBuildLayer.h">
      <Filter>layers</Filter>
    </ClInclude>
    <ClInclude Include="src\HitBoxes.h" />
  </ItemGroup>
  <ItemGroup>
    <ClCompile Include="src\AudioEngine.cpp" />
    <ClCompile Include="src\ControlBehaviour.cpp" />
    <ClCompile Include="src\FrameBuffer.cpp" />
    <ClCompile Include="src\Instrumentation.cpp" />
    <ClCompile Include="src\JsonProfiling.cpp" />
    <ClCompile Include="src\LightFlickerBehaviour.cpp" />
    <ClCompile Include="src\Texture3D.cpp" />
    <ClCompile Include="src\layers\AudioLayer.cpp">
      <Filter>layers</Filter>
    </ClCompile>
    <ClCompile Include="src\layers\InstrumentationLayer.cpp">
      <Filter>layers</Filter>
    </ClCompile>
    <ClCompile Include="src\layers\LightingLayer.cpp">
      <Filter>layers</Filter>
    </ClCompile>
    <ClCompile Include="src\layers\PostLayer.cpp">
      <Filter>layers</Filter>
    </ClCompile>
    <ClCompile Include="src\layers\RenderLayer.cpp">
      <Filter>layers</Filter>
    </ClCompile>
    <ClCompile Include="src\layers\SceneBuildLayer.cpp">
      <Filter>layers</Filter>
    </ClCompile>
    <ClCompile Include="src\main.cpp" />
    <ClCompile Include="src\HitBoxes.cpp" />
  </ItemGroup>
  <ItemGroup>
    <None Include="res\shaders\heightmap.vs.glsl" />
    <None Include="res\shaders\post\Scnene.fs.glsl" />
  </ItemGroup>
</Project>